
Microsoft Visual Studio Solution File, Format Version 12.00
# Visual Studio Version 17
VisualStudioVersion = 17.10.35122.118
MinimumVisualStudioVersion = 10.0.40219.1
Project("{FAE04EC0-301F-11D3-BF4B-00C04F79EFBC}") = "MoviesHubAPI", "MoviesHubAPI\MoviesHubAPI.csproj", "{3581D770-944E-42D1-A8B7-D3575F114172}"
EndProject
Global
	GlobalSection(SolutionConfigurationPlatforms) = preSolution
		Debug|Any CPU = Debug|Any CPU
		Release|Any CPU = Release|Any CPU
	EndGlobalSection
	GlobalSection(ProjectConfigurationPlatforms) = postSolution
		{3581D770-944E-42D1-A8B7-D3575F114172}.Debug|Any CPU.ActiveCfg = Debug|Any CPU
		{3581D770-944E-42D1-A8B7-D3575F114172}.Debug|Any CPU.Build.0 = Debug|Any CPU
		{3581D770-944E-42D1-A8B7-D3575F114172}.Release|Any CPU.ActiveCfg = Release|Any CPU
		{3581D770-944E-42D1-A8B7-D3575F114172}.Release|Any CPU.Build.0 = Release|Any CPU
	EndGlobalSection
	GlobalSection(SolutionProperties) = preSolution
		HideSolutionNode = FALSE
	EndGlobalSection
	GlobalSection(ExtensibilityGlobals) = postSolution
		SolutionGuid = {61B3E231-7923-4BF0-9736-E146E489B71F}
	EndGlobalSection
EndGlobal
